
Microsoft Visual Studio Solution File, Format Version 12.00
Project("{FAE04EC0-301F-11D3-BF4B-00C04F79EFBC}") = "Polar.OpenAPI", "Polar.OpenAPI\Polar.OpenAPI.csproj", "{6DEDA894-3617-4CD4-A158-F4A91870FFB0}"
EndProject
Global
	GlobalSection(SolutionConfigurationPlatforms) = preSolution
		Debug|Any CPU = Debug|Any CPU
		Release|Any CPU = Release|Any CPU
	EndGlobalSection
	GlobalSection(ProjectConfigurationPlatforms) = postSolution
		{6DEDA894-3617-4CD4-A158-F4A91870FFB0}.Debug|Any CPU.ActiveCfg = Debug|Any CPU
		{6DEDA894-3617-4CD4-A158-F4A91870FFB0}.Debug|Any CPU.Build.0 = Debug|Any CPU
		{6DEDA894-3617-4CD4-A158-F4A91870FFB0}.Release|Any CPU.ActiveCfg = Release|Any CPU
		{6DEDA894-3617-4CD4-A158-F4A91870FFB0}.Release|Any CPU.Build.0 = Release|Any CPU
	EndGlobalSection
EndGlobal
